{
  "name": "hack-the-crisis",
  "version": "1.0.0",
  "lockfileVersion": 1,
  "requires": true,
  "dependencies": {
    "lambda-api": {
      "version": "0.10.5",
      "resolved": "https://registry.npmjs.org/lambda-api/-/lambda-api-0.10.5.tgz",
      "integrity": "sha512-3HU6PxZpAQVr+P4OvhPUYy7tnkFlp3jdxkL0tEB9DF8U4FV+qT2XXNblwDM2y9FD729GzZQh63Nj8WPbiGP8Ew=="
    }
  }
}
